# This file is @generated by PDM.
# It is not intended for manual editing.

[metadata]
groups = ["default"]
strategy = ["cross_platform"]
lock_version = "4.4.1"
content_hash = "sha256:aa9cfbe3825474c1fcf1b46191b447512f290cc91a83fb2254e9c27687b2f31b"

[[package]]
name = "duckdb"
version = "0.10.0"
requires_python = ">=3.7.0"
summary = "DuckDB in-process database"
files = [
    {file = "duckdb-0.10.0-cp310-cp310-macosx_10_9_universal2.whl", hash = "sha256:bd0ffb3fddef0f72a150e4d76e10942a84a1a0447d10907df1621b90d6668060"},
    {file = "duckdb-0.10.0-cp310-cp310-macosx_10_9_x86_64.whl", hash = "sha256:f3d709d5c7c1a12b5e10d0b05fa916c670cd2b50178e3696faa0cc16048a1745"},
    {file = "duckdb-0.10.0-cp310-cp310-macosx_11_0_arm64.whl", hash = "sha256:9114aa22ec5d591a20ce5184be90f49d8e5b5348ceaab21e102c54560d07a5f8"},
    {file = "duckdb-0.10.0-cp310-cp310-manylinux_2_17_aarch64.manylinux2014_aarch64.whl", hash = "sha256:77a37877efadf39caf7cadde0f430fedf762751b9c54750c821e2f1316705a21"},
    {file = "duckdb-0.10.0-cp310-cp310-manylinux_2_17_x86_64.manylinux2014_x86_64.whl", hash = "sha256:87cbc9e1d9c3fc9f14307bea757f99f15f46843c0ab13a6061354410824ed41f"},
    {file = "duckdb-0.10.0-cp310-cp310-manylinux_2_24_aarch64.manylinux_2_28_aarch64.whl", hash = "sha256:f0bfec79fed387201550517d325dff4fad2705020bc139d936cab08b9e845662"},
    {file = "duckdb-0.10.0-cp310-cp310-musllinux_1_1_x86_64.whl", hash = "sha256:c5622134d2d9796b15e09de810e450859d4beb46d9b861357ec9ae40a61b775c"},
    {file = "duckdb-0.10.0-cp310-cp310-win_amd64.whl", hash = "sha256:089ee8e831ccaef1b73fc89c43b661567175eed0115454880bafed5e35cda702"},
    {file = "duckdb-0.10.0-cp311-cp311-macosx_10_9_universal2.whl", hash = "sha256:a05af63747f1d7021995f0811c333dee7316cec3b06c0d3e4741b9bdb678dd21"},
    {file = "duckdb-0.10.0-cp311-cp311-macosx_10_9_x86_64.whl", hash = "sha256:072d6eba5d8a59e0069a8b5b4252fed8a21f9fe3f85a9129d186a39b3d0aea03"},
    {file = "duckdb-0.10.0-cp311-cp311-macosx_11_0_arm64.whl", hash = "sha256:a77b85668f59b919042832e4659538337f1c7f197123076c5311f1c9cf077df7"},
    {file = "duckdb-0.10.0-cp311-cp311-manylinux_2_17_aarch64.manylinux2014_aarch64.whl", hash = "sha256:96a666f1d2da65d03199a977aec246920920a5ea1da76b70ae02bd4fb1ffc48c"},
    {file = "duckdb-0.10.0-cp311-cp311-manylinux_2_17_x86_64.manylinux2014_x86_64.whl", hash = "sha256:2ec76a4262b783628d26612d184834852d9c92fb203e91af789100c17e3d7173"},
    {file = "duckdb-0.10.0-cp311-cp311-manylinux_2_24_aarch64.manylinux_2_28_aarch64.whl", hash = "sha256:009dd9d2cdbd3b061a9efbdfc79f2d1a8377bcf49f1e5f430138621f8c083a6c"},
    {file = "duckdb-0.10.0-cp311-cp311-musllinux_1_1_x86_64.whl", hash = "sha256:878f06766088090dad4a2e5ee0081555242b2e8dcb29415ecc97e388cf0cf8d8"},
    {file = "duckdb-0.10.0-cp311-cp311-win_amd64.whl", hash = "sha256:713ff0a1fb63a6d60f454acf67f31656549fb5d63f21ac68314e4f522daa1a89"},
    {file = "duckdb-0.10.0-cp312-cp312-macosx_10_9_universal2.whl", hash = "sha256:9c0ee450dfedfb52dd4957244e31820feef17228da31af6d052979450a80fd19"},
    {file = "duckdb-0.10.0-cp312-cp312-macosx_10_9_x86_64.whl", hash = "sha256:ff79b2ea9994398b545c0d10601cd73565fbd09f8951b3d8003c7c5c0cebc7cb"},
    {file = "duckdb-0.10.0-cp312-cp312-macosx_11_0_arm64.whl", hash = "sha256:6bdf1aa71b924ef651062e6b8ff9981ad85bec89598294af8a072062c5717340"},
    {file = "duckdb-0.10.0-cp312-cp312-manylinux_2_17_aarch64.manylinux2014_aarch64.whl", hash = "sha256:d0265bbc8216be3ced7b377ba8847128a3fc0ef99798a3c4557c1b88e3a01c23"},
    {file = "duckdb-0.10.0-cp312-cp312-manylinux_2_17_x86_64.manylinux2014_x86_64.whl", hash = "sha256:1d418a315a07707a693bd985274c0f8c4dd77015d9ef5d8d3da4cc1942fd82e0"},
    {file = "duckdb-0.10.0-cp312-cp312-manylinux_2_24_aarch64.manylinux_2_28_aarch64.whl", hash = "sha256:2828475a292e68c71855190b818aded6bce7328f79e38c04a0c75f8f1c0ceef0"},
    {file = "duckdb-0.10.0-cp312-cp312-musllinux_1_1_x86_64.whl", hash = "sha256:c3aaeaae2eba97035c65f31ffdb18202c951337bf2b3d53d77ce1da8ae2ecf51"},
    {file = "duckdb-0.10.0-cp312-cp312-win_amd64.whl", hash = "sha256:c51790aaaea97d8e4a58a114c371ed8d2c4e1ca7cbf29e3bdab6d8ccfc5afc1e"},
    {file = "duckdb-0.10.0.tar.gz", hash = "sha256:c02bcc128002aa79e3c9d89b9de25e062d1096a8793bc0d7932317b7977f6845"},
]
